
Microsoft Visual Studio Solution File, Format Version 12.00
# Visual Studio Version 17
VisualStudioVersion = 17.6.33723.286
MinimumVisualStudioVersion = 10.0.40219.1
Project("{FAE04EC0-301F-11D3-BF4B-00C04F79EFBC}") = "DeviceManagerAPI", "DeviceManagerAPI.csproj", "{90130272-1D81-4B3E-8D4D-DA3B510BEBD1}"
EndProject
Global
	GlobalSection(SolutionConfigurationPlatforms) = preSolution
		Debug|Any CPU = Debug|Any CPU
		Release|Any CPU = Release|Any CPU
	EndGlobalSection
	GlobalSection(ProjectConfigurationPlatforms) = postSolution
		{90130272-1D81-4B3E-8D4D-DA3B510BEBD1}.Debug|Any CPU.ActiveCfg = Debug|Any CPU
		{90130272-1D81-4B3E-8D4D-DA3B510BEBD1}.Debug|Any CPU.Build.0 = Debug|Any CPU
		{90130272-1D81-4B3E-8D4D-DA3B510BEBD1}.Release|Any CPU.ActiveCfg = Release|Any CPU
		{90130272-1D81-4B3E-8D4D-DA3B510BEBD1}.Release|Any CPU.Build.0 = Release|Any CPU
	EndGlobalSection
	GlobalSection(SolutionProperties) = preSolution
		HideSolutionNode = FALSE
	EndGlobalSection
	GlobalSection(ExtensibilityGlobals) = postSolution
		SolutionGuid = {99692CB5-3A20-43BE-8B97-6393122DE888}
	EndGlobalSection
EndGlobal
